
Microsoft Visual Studio Solution File, Format Version 12.00
# Visual Studio Version 17
VisualStudioVersion = 17.5.002.0
MinimumVisualStudioVersion = 10.0.40219.1
Project("{9A19103F-16F7-4668-BE54-9A1E7A4F7556}") = "webapi", "webapi.csproj", "{023D0F1E-F70E-4848-ACBC-9C90FCC88602}"
EndProject
Global
	GlobalSection(SolutionConfigurationPlatforms) = preSolution
		Debug|Any CPU = Debug|Any CPU
		Release|Any CPU = Release|Any CPU
	EndGlobalSection
	GlobalSection(ProjectConfigurationPlatforms) = postSolution
		{023D0F1E-F70E-4848-ACBC-9C90FCC88602}.Debug|Any CPU.ActiveCfg = Debug|Any CPU
		{023D0F1E-F70E-4848-ACBC-9C90FCC88602}.Debug|Any CPU.Build.0 = Debug|Any CPU
		{023D0F1E-F70E-4848-ACBC-9C90FCC88602}.Release|Any CPU.ActiveCfg = Release|Any CPU
		{023D0F1E-F70E-4848-ACBC-9C90FCC88602}.Release|Any CPU.Build.0 = Release|Any CPU
	EndGlobalSection
	GlobalSection(SolutionProperties) = preSolution
		HideSolutionNode = FALSE
	EndGlobalSection
	GlobalSection(ExtensibilityGlobals) = postSolution
		SolutionGuid = {DE38CAB3-5C85-42AE-9D58-2EBA7933EC2B}
	EndGlobalSection
EndGlobal
